
Microsoft Visual Studio Solution File, Format Version 12.00
# Visual Studio 14
VisualStudioVersion = 14.0.25420.1
MinimumVisualStudioVersion = 10.0.40219.1
Project("{2150E333-8FDC-42A3-9474-1A3956D46DE8}") = "nuget", "nuget", "{B5AEA046-0E87-4A7B-8F11-80B6BDDA1F2A}"
EndProject
Project("{2150E333-8FDC-42A3-9474-1A3956D46DE8}") = "Tests", "Tests", "{533683F1-B92C-4149-A2AD-6045623BC6D8}"
EndProject
Project("{FAE04EC0-301F-11D3-BF4B-00C04F79EFBC}") = "EntityFramework.Toolkit.NuGet", " EntityFramework.Toolkit.NuGet\EntityFramework.Toolkit.NuGet.csproj", "{2CF5E868-1098-4C6D-9001-27D8DC0D87BE}"
	ProjectSection(ProjectDependencies) = postProject
		{0EA8395E-21BE-4042-AC70-F6B21EF845AF} = {0EA8395E-21BE-4042-AC70-F6B21EF845AF}
		{9BE74677-3AE7-435B-9DD8-566202F0FA7F} = {9BE74677-3AE7-435B-9DD8-566202F0FA7F}
		{E3C977BF-FFC7-4FAE-BFCA-B20FFB7A3A96} = {E3C977BF-FFC7-4FAE-BFCA-B20FFB7A3A96}
		{6A0C86CF-F948-4BB3-A6DC-3F3EC7A594B5} = {6A0C86CF-F948-4BB3-A6DC-3F3EC7A594B5}
	EndProjectSection
EndProject
Project("{FAE04EC0-301F-11D3-BF4B-00C04F79EFBC}") = "EntityFramework.Toolkit.Tests", " EntityFramework.Toolkit.Tests\EntityFramework.Toolkit.Tests.csproj", "{8146AB24-C2E9-4AAA-9BD0-E9E4E402C612}"
EndProject
Project("{2150E333-8FDC-42A3-9474-1A3956D46DE8}") = "Samples", "Samples", "{C7DE2A3B-583C-4A61-AB17-F68B729BCBC6}"
EndProject
Project("{FAE04EC0-301F-11D3-BF4B-00C04F79EFBC}") = "ToolkitSample.DataAccess", "Samples\ToolkitSample.DataAccess\ToolkitSample.DataAccess.csproj", "{2A48F310-09B6-4FDB-A93C-4B42064788C6}"
EndProject
Project("{D954291E-2A0B-460D-934E-DC6B0785DB48}") = "EntityFramework.Toolkit.Shared", "EntityFramework.Toolkit.Shared\EntityFramework.Toolkit.Shared.shproj", "{F6106EF4-9681-4FB2-A34D-8120578401F5}"
EndProject
Project("{D954291E-2A0B-460D-934E-DC6B0785DB48}") = "EntityFramework.Toolkit.Core.Shared", "EntityFramework.Toolkit.Core.Shared\EntityFramework.Toolkit.Core.Shared.shproj", "{F0ED9E44-F8FD-49B0-BEAD-C73BC6B230E2}"
EndProject
Project("{FAE04EC0-301F-11D3-BF4B-00C04F79EFBC}") = "EntityFramework.Toolkit.Core.NuGet", "EntityFramework.Toolkit.Core.NuGet\EntityFramework.Toolkit.Core.NuGet.csproj", "{6AB0CD1B-B2E1-43AF-BBBC-297ABB5EE188}"
	ProjectSection(ProjectDependencies) = postProject
		{0EA8395E-21BE-4042-AC70-F6B21EF845AF} = {0EA8395E-21BE-4042-AC70-F6B21EF845AF}
		{6A0C86CF-F948-4BB3-A6DC-3F3EC7A594B5} = {6A0C86CF-F948-4BB3-A6DC-3F3EC7A594B5}
	EndProjectSection
EndProject
Project("{FAE04EC0-301F-11D3-BF4B-00C04F79EFBC}") = "EntityFramework.Toolkit.Net45", "EntityFramework.Toolkit.Net45\EntityFramework.Toolkit.Net45.csproj", "{E3C977BF-FFC7-4FAE-BFCA-B20FFB7A3A96}"
EndProject
Project("{FAE04EC0-301F-11D3-BF4B-00C04F79EFBC}") = "EntityFramework.Toolkit.Net40", "EntityFramework.Toolkit.Net40\EntityFramework.Toolkit.Net40.csproj", "{9BE74677-3AE7-435B-9DD8-566202F0FA7F}"
EndProject
Project("{FAE04EC0-301F-11D3-BF4B-00C04F79EFBC}") = "EntityFramework.Toolkit.Core.Net40", "EntityFramework.Toolkit.Core.Net40\EntityFramework.Toolkit.Core.Net40.csproj", "{6A0C86CF-F948-4BB3-A6DC-3F3EC7A594B5}"
EndProject
Project("{FAE04EC0-301F-11D3-BF4B-00C04F79EFBC}") = "EntityFramework.Toolkit.Core.Net45", "EntityFramework.Toolkit.Core.Net45\EntityFramework.Toolkit.Core.Net45.csproj", "{0EA8395E-21BE-4042-AC70-F6B21EF845AF}"
EndProject
Project("{FAE04EC0-301F-11D3-BF4B-00C04F79EFBC}") = "ToolkitSample.DataAccess.Contracts", "Samples\ToolkitSample.DataAccess.Contracts\ToolkitSample.DataAccess.Contracts.csproj", "{8B9396BC-1312-409A-BC0E-6888443C06B9}"
EndProject
Project("{FAE04EC0-301F-11D3-BF4B-00C04F79EFBC}") = "ToolkitSample.Model", "Samples\ToolkitSample.Model\ToolkitSample.Model.csproj", "{F73B662B-33EB-4D15-9DA7-2798645AAFAA}"
EndProject
Global
	GlobalSection(SharedMSBuildProjectFiles) = preSolution
		EntityFramework.Toolkit.Core.Shared\EntityFramework.Toolkit.Core.Shared.projitems*{0ea8395e-21be-4042-ac70-f6b21ef845af}*SharedItemsImports = 4
		EntityFramework.Toolkit.Core.Shared\EntityFramework.Toolkit.Core.Shared.projitems*{6a0c86cf-f948-4bb3-a6dc-3f3ec7a594b5}*SharedItemsImports = 4
		EntityFramework.Toolkit.Shared\EntityFramework.Toolkit.Shared.projitems*{9be74677-3ae7-435b-9dd8-566202f0fa7f}*SharedItemsImports = 4
		EntityFramework.Toolkit.Shared\EntityFramework.Toolkit.Shared.projitems*{e3c977bf-ffc7-4fae-bfca-b20ffb7a3a96}*SharedItemsImports = 4
		EntityFramework.Toolkit.Core.Shared\EntityFramework.Toolkit.Core.Shared.projitems*{f0ed9e44-f8fd-49b0-bead-c73bc6b230e2}*SharedItemsImports = 13
		EntityFramework.Toolkit.Shared\EntityFramework.Toolkit.Shared.projitems*{f6106ef4-9681-4fb2-a34d-8120578401f5}*SharedItemsImports = 13
	EndGlobalSection
	GlobalSection(SolutionConfigurationPlatforms) = preSolution
		Debug|Any CPU = Debug|Any CPU
		Release|Any CPU = Release|Any CPU
	EndGlobalSection
	GlobalSection(ProjectConfigurationPlatforms) = postSolution
		{2CF5E868-1098-4C6D-9001-27D8DC0D87BE}.Debug|Any CPU.ActiveCfg = Debug|Any CPU
		{2CF5E868-1098-4C6D-9001-27D8DC0D87BE}.Release|Any CPU.ActiveCfg = Release|Any CPU
		{2CF5E868-1098-4C6D-9001-27D8DC0D87BE}.Release|Any CPU.Build.0 = Release|Any CPU
		{8146AB24-C2E9-4AAA-9BD0-E9E4E402C612}.Debug|Any CPU.ActiveCfg = Debug|Any CPU
		{8146AB24-C2E9-4AAA-9BD0-E9E4E402C612}.Debug|Any CPU.Build.0 = Debug|Any CPU
		{8146AB24-C2E9-4AAA-9BD0-E9E4E402C612}.Release|Any CPU.ActiveCfg = Release|Any CPU
		{8146AB24-C2E9-4AAA-9BD0-E9E4E402C612}.Release|Any CPU.Build.0 = Release|Any CPU
		{2A48F310-09B6-4FDB-A93C-4B42064788C6}.Debug|Any CPU.ActiveCfg = Debug|Any CPU
		{2A48F310-09B6-4FDB-A93C-4B42064788C6}.Debug|Any CPU.Build.0 = Debug|Any CPU
		{2A48F310-09B6-4FDB-A93C-4B42064788C6}.Release|Any CPU.ActiveCfg = Release|Any CPU
		{2A48F310-09B6-4FDB-A93C-4B42064788C6}.Release|Any CPU.Build.0 = Release|Any CPU
		{6AB0CD1B-B2E1-43AF-BBBC-297ABB5EE188}.Debug|Any CPU.ActiveCfg = Debug|Any CPU
		{6AB0CD1B-B2E1-43AF-BBBC-297ABB5EE188}.Release|Any CPU.ActiveCfg = Release|Any CPU
		{6AB0CD1B-B2E1-43AF-BBBC-297ABB5EE188}.Release|Any CPU.Build.0 = Release|Any CPU
		{E3C977BF-FFC7-4FAE-BFCA-B20FFB7A3A96}.Debug|Any CPU.ActiveCfg = Debug|Any CPU
		{E3C977BF-FFC7-4FAE-BFCA-B20FFB7A3A96}.Debug|Any CPU.Build.0 = Debug|Any CPU
		{E3C977BF-FFC7-4FAE-BFCA-B20FFB7A3A96}.Release|Any CPU.ActiveCfg = Release|Any CPU
		{E3C977BF-FFC7-4FAE-BFCA-B20FFB7A3A96}.Release|Any CPU.Build.0 = Release|Any CPU
		{9BE74677-3AE7-435B-9DD8-566202F0FA7F}.Debug|Any CPU.ActiveCfg = Debug|Any CPU
		{9BE74677-3AE7-435B-9DD8-566202F0FA7F}.Debug|Any CPU.Build.0 = Debug|Any CPU
		{9BE74677-3AE7-435B-9DD8-566202F0FA7F}.Release|Any CPU.ActiveCfg = Release|Any CPU
		{9BE74677-3AE7-435B-9DD8-566202F0FA7F}.Release|Any CPU.Build.0 = Release|Any CPU
		{6A0C86CF-F948-4BB3-A6DC-3F3EC7A594B5}.Debug|Any CPU.ActiveCfg = Debug|Any CPU
		{6A0C86CF-F948-4BB3-A6DC-3F3EC7A594B5}.Debug|Any CPU.Build.0 = Debug|Any CPU
		{6A0C86CF-F948-4BB3-A6DC-3F3EC7A594B5}.Release|Any CPU.ActiveCfg = Release|Any CPU
		{6A0C86CF-F948-4BB3-A6DC-3F3EC7A594B5}.Release|Any CPU.Build.0 = Release|Any CPU
		{0EA8395E-21BE-4042-AC70-F6B21EF845AF}.Debug|Any CPU.ActiveCfg = Debug|Any CPU
		{0EA8395E-21BE-4042-AC70-F6B21EF845AF}.Debug|Any CPU.Build.0 = Debug|Any CPU
		{0EA8395E-21BE-4042-AC70-F6B21EF845AF}.Release|Any CPU.ActiveCfg = Release|Any CPU
		{0EA8395E-21BE-4042-AC70-F6B21EF845AF}.Release|Any CPU.Build.0 = Release|Any CPU
		{8B9396BC-1312-409A-BC0E-6888443C06B9}.Debug|Any CPU.ActiveCfg = Debug|Any CPU
		{8B9396BC-1312-409A-BC0E-6888443C06B9}.Debug|Any CPU.Build.0 = Debug|Any CPU
		{8B9396BC-1312-409A-BC0E-6888443C06B9}.Release|Any CPU.ActiveCfg = Release|Any CPU
		{8B9396BC-1312-409A-BC0E-6888443C06B9}.Release|Any CPU.Build.0 = Release|Any CPU
		{F73B662B-33EB-4D15-9DA7-2798645AAFAA}.Debug|Any CPU.ActiveCfg = Debug|Any CPU
		{F73B662B-33EB-4D15-9DA7-2798645AAFAA}.Debug|Any CPU.Build.0 = Debug|Any CPU
		{F73B662B-33EB-4D15-9DA7-2798645AAFAA}.Release|Any CPU.ActiveCfg = Release|Any CPU
		{F73B662B-33EB-4D15-9DA7-2798645AAFAA}.Release|Any CPU.Build.0 = Release|Any CPU
	EndGlobalSection
	GlobalSection(SolutionProperties) = preSolution
		HideSolutionNode = FALSE
	EndGlobalSection
	GlobalSection(NestedProjects) = preSolution
		{2CF5E868-1098-4C6D-9001-27D8DC0D87BE} = {B5AEA046-0E87-4A7B-8F11-80B6BDDA1F2A}
		{8146AB24-C2E9-4AAA-9BD0-E9E4E402C612} = {533683F1-B92C-4149-A2AD-6045623BC6D8}
		{2A48F310-09B6-4FDB-A93C-4B42064788C6} = {C7DE2A3B-583C-4A61-AB17-F68B729BCBC6}
		{6AB0CD1B-B2E1-43AF-BBBC-297ABB5EE188} = {B5AEA046-0E87-4A7B-8F11-80B6BDDA1F2A}
		{8B9396BC-1312-409A-BC0E-6888443C06B9} = {C7DE2A3B-583C-4A61-AB17-F68B729BCBC6}
		{F73B662B-33EB-4D15-9DA7-2798645AAFAA} = {C7DE2A3B-583C-4A61-AB17-F68B729BCBC6}
	EndGlobalSection
EndGlobal
